dependencies:
- name: fluentd
  repository: https://fluent.github.io/helm-charts
  version: 0.2.8
- name: elasticsearch
  repository: https://helm.elastic.co
  version: 7.14.0
- name: kibana
  repository: https://helm.elastic.co
  version: 7.14.0
digest: sha256:8d7fc0cb93589f4caf3fe256d120ee3441c8ec1f800843b747b5c9986aeb6d34
generated: "2021-08-17T19:24:12.0997971+02:00"
